
Microsoft Visual Studio Solution File, Format Version 10.00
# Visual Studio 2008
Project("{8BC9CEB8-8B4A-11D0-8D11-00A0C91BC942}") = "SE_02", "SE_02.vcproj", "{A1F365A1-CEDD-4584-BBB1-34889166567D}"
EndProject
Global
	GlobalSection(SolutionConfigurationPlatforms) = preSolution
		Debug|Win32 = Debug|Win32
		Release|Win32 = Release|Win32
	EndGlobalSection
	GlobalSection(ProjectConfigurationPlatforms) = postSolution
		{A1F365A1-CEDD-4584-BBB1-34889166567D}.Debug|Win32.ActiveCfg = Debug|Win32
		{A1F365A1-CEDD-4584-BBB1-34889166567D}.Debug|Win32.Build.0 = Debug|Win32
		{A1F365A1-CEDD-4584-BBB1-34889166567D}.Release|Win32.ActiveCfg = Release|Win32
		{A1F365A1-CEDD-4584-BBB1-34889166567D}.Release|Win32.Build.0 = Release|Win32
	EndGlobalSection
	GlobalSection(SolutionProperties) = preSolution
		HideSolutionNode = FALSE
	EndGlobalSection
EndGlobal
